
Microsoft Visual Studio Solution File, Format Version 12.00
# Visual Studio 15
VisualStudioVersion = 15.0.28010.2036
MinimumVisualStudioVersion = 10.0.40219.1
Project("{FAE04EC0-301F-11D3-BF4B-00C04F79EFBC}") = "PROJETO1", "PROJETO1\PROJETO1.csproj", "{1048E916-18EE-468B-BF14-C0AD892CFE9E}"
EndProject
Global
	GlobalSection(SolutionConfigurationPlatforms) = preSolution
		Debug|Any CPU = Debug|Any CPU
		Release|Any CPU = Release|Any CPU
	EndGlobalSection
	GlobalSection(ProjectConfigurationPlatforms) = postSolution
		{1048E916-18EE-468B-BF14-C0AD892CFE9E}.Debug|Any CPU.ActiveCfg = Debug|Any CPU
		{1048E916-18EE-468B-BF14-C0AD892CFE9E}.Debug|Any CPU.Build.0 = Debug|Any CPU
		{1048E916-18EE-468B-BF14-C0AD892CFE9E}.Release|Any CPU.ActiveCfg = Release|Any CPU
		{1048E916-18EE-468B-BF14-C0AD892CFE9E}.Release|Any CPU.Build.0 = Release|Any CPU
	EndGlobalSection
	GlobalSection(SolutionProperties) = preSolution
		HideSolutionNode = FALSE
	EndGlobalSection
	GlobalSection(ExtensibilityGlobals) = postSolution
		SolutionGuid = {801845FD-8803-4314-9F5E-D9B71E2DDFED}
	EndGlobalSection
EndGlobal
